
Microsoft Visual Studio Solution File, Format Version 12.00
# Visual Studio Version 17
VisualStudioVersion = 17.2.32519.379
MinimumVisualStudioVersion = 10.0.40219.1
Project("{FAE04EC0-301F-11D3-BF4B-00C04F79EFBC}") = "Localizacao.UWP", "Localizacao\Localizacao.UWP\Localizacao.UWP.csproj", "{0CBC46F9-A0F1-4528-A16E-BDC078EF13A2}"
EndProject
Project("{FAE04EC0-301F-11D3-BF4B-00C04F79EFBC}") = "Localizacao.Android", "Localizacao\Localizacao.Android\Localizacao.Android.csproj", "{BC7089E5-7D84-4F44-BC39-657E35A2D0DA}"
EndProject
Project("{FAE04EC0-301F-11D3-BF4B-00C04F79EFBC}") = "Localizacao", "Localizacao\Localizacao\Localizacao.csproj", "{76E8A767-CB4E-4D66-BA7A-4958247957A7}"
EndProject
Global
	GlobalSection(SolutionConfigurationPlatforms) = preSolution
		Debug|Any CPU = Debug|Any CPU
		Debug|ARM = Debug|ARM
		Debug|x64 = Debug|x64
		Debug|x86 = Debug|x86
		Release|Any CPU = Release|Any CPU
		Release|ARM = Release|ARM
		Release|x64 = Release|x64
		Release|x86 = Release|x86
	EndGlobalSection
	GlobalSection(ProjectConfigurationPlatforms) = postSolution
		{0CBC46F9-A0F1-4528-A16E-BDC078EF13A2}.Debug|Any CPU.ActiveCfg = Debug|x64
		{0CBC46F9-A0F1-4528-A16E-BDC078EF13A2}.Debug|Any CPU.Build.0 = Debug|x64
		{0CBC46F9-A0F1-4528-A16E-BDC078EF13A2}.Debug|Any CPU.Deploy.0 = Debug|x64
		{0CBC46F9-A0F1-4528-A16E-BDC078EF13A2}.Debug|ARM.ActiveCfg = Debug|ARM
		{0CBC46F9-A0F1-4528-A16E-BDC078EF13A2}.Debug|ARM.Build.0 = Debug|ARM
		{0CBC46F9-A0F1-4528-A16E-BDC078EF13A2}.Debug|ARM.Deploy.0 = Debug|ARM
		{0CBC46F9-A0F1-4528-A16E-BDC078EF13A2}.Debug|x64.ActiveCfg = Debug|x64
		{0CBC46F9-A0F1-4528-A16E-BDC078EF13A2}.Debug|x64.Build.0 = Debug|x64
		{0CBC46F9-A0F1-4528-A16E-BDC078EF13A2}.Debug|x64.Deploy.0 = Debug|x64
		{0CBC46F9-A0F1-4528-A16E-BDC078EF13A2}.Debug|x86.ActiveCfg = Debug|x86
		{0CBC46F9-A0F1-4528-A16E-BDC078EF13A2}.Debug|x86.Build.0 = Debug|x86
		{0CBC46F9-A0F1-4528-A16E-BDC078EF13A2}.Debug|x86.Deploy.0 = Debug|x86
		{0CBC46F9-A0F1-4528-A16E-BDC078EF13A2}.Release|Any CPU.ActiveCfg = Release|x64
		{0CBC46F9-A0F1-4528-A16E-BDC078EF13A2}.Release|Any CPU.Build.0 = Release|x64
		{0CBC46F9-A0F1-4528-A16E-BDC078EF13A2}.Release|Any CPU.Deploy.0 = Release|x64
		{0CBC46F9-A0F1-4528-A16E-BDC078EF13A2}.Release|ARM.ActiveCfg = Release|ARM
		{0CBC46F9-A0F1-4528-A16E-BDC078EF13A2}.Release|ARM.Build.0 = Release|ARM
		{0CBC46F9-A0F1-4528-A16E-BDC078EF13A2}.Release|ARM.Deploy.0 = Release|ARM
		{0CBC46F9-A0F1-4528-A16E-BDC078EF13A2}.Release|x64.ActiveCfg = Release|x64
		{0CBC46F9-A0F1-4528-A16E-BDC078EF13A2}.Release|x64.Build.0 = Release|x64
		{0CBC46F9-A0F1-4528-A16E-BDC078EF13A2}.Release|x64.Deploy.0 = Release|x64
		{0CBC46F9-A0F1-4528-A16E-BDC078EF13A2}.Release|x86.ActiveCfg = Release|x86
		{0CBC46F9-A0F1-4528-A16E-BDC078EF13A2}.Release|x86.Build.0 = Release|x86
		{0CBC46F9-A0F1-4528-A16E-BDC078EF13A2}.Release|x86.Deploy.0 = Release|x86
		{BC7089E5-7D84-4F44-BC39-657E35A2D0DA}.Debug|Any CPU.ActiveCfg = Debug|Any CPU
		{BC7089E5-7D84-4F44-BC39-657E35A2D0DA}.Debug|Any CPU.Build.0 = Debug|Any CPU
		{BC7089E5-7D84-4F44-BC39-657E35A2D0DA}.Debug|Any CPU.Deploy.0 = Debug|Any CPU
		{BC7089E5-7D84-4F44-BC39-657E35A2D0DA}.Debug|ARM.ActiveCfg = Debug|Any CPU
		{BC7089E5-7D84-4F44-BC39-657E35A2D0DA}.Debug|ARM.Build.0 = Debug|Any CPU
		{BC7089E5-7D84-4F44-BC39-657E35A2D0DA}.Debug|ARM.Deploy.0 = Debug|Any CPU
		{BC7089E5-7D84-4F44-BC39-657E35A2D0DA}.Debug|x64.ActiveCfg = Debug|Any CPU
		{BC7089E5-7D84-4F44-BC39-657E35A2D0DA}.Debug|x64.Build.0 = Debug|Any CPU
		{BC7089E5-7D84-4F44-BC39-657E35A2D0DA}.Debug|x64.Deploy.0 = Debug|Any CPU
		{BC7089E5-7D84-4F44-BC39-657E35A2D0DA}.Debug|x86.ActiveCfg = Debug|Any CPU
		{BC7089E5-7D84-4F44-BC39-657E35A2D0DA}.Debug|x86.Build.0 = Debug|Any CPU
		{BC7089E5-7D84-4F44-BC39-657E35A2D0DA}.Debug|x86.Deploy.0 = Debug|Any CPU
		{BC7089E5-7D84-4F44-BC39-657E35A2D0DA}.Release|Any CPU.ActiveCfg = Release|Any CPU
		{BC7089E5-7D84-4F44-BC39-657E35A2D0DA}.Release|Any CPU.Build.0 = Release|Any CPU
		{BC7089E5-7D84-4F44-BC39-657E35A2D0DA}.Release|Any CPU.Deploy.0 = Release|Any CPU
		{BC7089E5-7D84-4F44-BC39-657E35A2D0DA}.Release|ARM.ActiveCfg = Release|Any CPU
		{BC7089E5-7D84-4F44-BC39-657E35A2D0DA}.Release|ARM.Build.0 = Release|Any CPU
		{BC7089E5-7D84-4F44-BC39-657E35A2D0DA}.Release|ARM.Deploy.0 = Release|Any CPU
		{BC7089E5-7D84-4F44-BC39-657E35A2D0DA}.Release|x64.ActiveCfg = Release|Any CPU
		{BC7089E5-7D84-4F44-BC39-657E35A2D0DA}.Release|x64.Build.0 = Release|Any CPU
		{BC7089E5-7D84-4F44-BC39-657E35A2D0DA}.Release|x64.Deploy.0 = Release|Any CPU
		{BC7089E5-7D84-4F44-BC39-657E35A2D0DA}.Release|x86.ActiveCfg = Release|Any CPU
		{BC7089E5-7D84-4F44-BC39-657E35A2D0DA}.Release|x86.Build.0 = Release|Any CPU
		{BC7089E5-7D84-4F44-BC39-657E35A2D0DA}.Release|x86.Deploy.0 = Release|Any CPU
		{76E8A767-CB4E-4D66-BA7A-4958247957A7}.Debug|Any CPU.ActiveCfg = Debug|Any CPU
		{76E8A767-CB4E-4D66-BA7A-4958247957A7}.Debug|Any CPU.Build.0 = Debug|Any CPU
		{76E8A767-CB4E-4D66-BA7A-4958247957A7}.Debug|Any CPU.Deploy.0 = Debug|Any CPU
		{76E8A767-CB4E-4D66-BA7A-4958247957A7}.Debug|ARM.ActiveCfg = Debug|Any CPU
		{76E8A767-CB4E-4D66-BA7A-4958247957A7}.Debug|ARM.Build.0 = Debug|Any CPU
		{76E8A767-CB4E-4D66-BA7A-4958247957A7}.Debug|ARM.Deploy.0 = Debug|Any CPU
		{76E8A767-CB4E-4D66-BA7A-4958247957A7}.Debug|x64.ActiveCfg = Debug|Any CPU
		{76E8A767-CB4E-4D66-BA7A-4958247957A7}.Debug|x64.Build.0 = Debug|Any CPU
		{76E8A767-CB4E-4D66-BA7A-4958247957A7}.Debug|x64.Deploy.0 = Debug|Any CPU
		{76E8A767-CB4E-4D66-BA7A-4958247957A7}.Debug|x86.ActiveCfg = Debug|Any CPU
		{76E8A767-CB4E-4D66-BA7A-4958247957A7}.Debug|x86.Build.0 = Debug|Any CPU
		{76E8A767-CB4E-4D66-BA7A-4958247957A7}.Debug|x86.Deploy.0 = Debug|Any CPU
		{76E8A767-CB4E-4D66-BA7A-4958247957A7}.Release|Any CPU.ActiveCfg = Release|Any CPU
		{76E8A767-CB4E-4D66-BA7A-4958247957A7}.Release|Any CPU.Build.0 = Release|Any CPU
		{76E8A767-CB4E-4D66-BA7A-4958247957A7}.Release|Any CPU.Deploy.0 = Release|Any CPU
		{76E8A767-CB4E-4D66-BA7A-4958247957A7}.Release|ARM.ActiveCfg = Release|Any CPU
		{76E8A767-CB4E-4D66-BA7A-4958247957A7}.Release|ARM.Build.0 = Release|Any CPU
		{76E8A767-CB4E-4D66-BA7A-4958247957A7}.Release|ARM.Deploy.0 = Release|Any CPU
		{76E8A767-CB4E-4D66-BA7A-4958247957A7}.Release|x64.ActiveCfg = Release|Any CPU
		{76E8A767-CB4E-4D66-BA7A-4958247957A7}.Release|x64.Build.0 = Release|Any CPU
		{76E8A767-CB4E-4D66-BA7A-4958247957A7}.Release|x64.Deploy.0 = Release|Any CPU
		{76E8A767-CB4E-4D66-BA7A-4958247957A7}.Release|x86.ActiveCfg = Release|Any CPU
		{76E8A767-CB4E-4D66-BA7A-4958247957A7}.Release|x86.Build.0 = Release|Any CPU
		{76E8A767-CB4E-4D66-BA7A-4958247957A7}.Release|x86.Deploy.0 = Release|Any CPU
	EndGlobalSection
	GlobalSection(SolutionProperties) = preSolution
		HideSolutionNode = FALSE
	EndGlobalSection
	GlobalSection(ExtensibilityGlobals) = postSolution
		SolutionGuid = {61C556D3-265E-482C-B57E-364BCDDF79C4}
	EndGlobalSection
EndGlobal
